{
  "name": "tailwindcss-x",
  "version": "0.2.0-alpha.0",
  "lockfileVersion": 2,
  "requires": true,
  "packages": {
    "": {
      "name": "tailwindcss-x",
      "version": "0.2.0-alpha.0",
      "license": "Apache-2.0",
      "dependencies": {
        "tslib": "~2.3.1"
      },
      "devDependencies": {
        "autoprefixer": "~10.4.4"
      }
    },
    "node_modules/autoprefixer": {
      "version": "10.4.4",
      "resolved": "https://registry.npmjs.org/autoprefixer/-/autoprefixer-10.4.4.tgz",
      "integrity": "sha512-Tm8JxsB286VweiZ5F0anmbyGiNI3v3wGv3mz9W+cxEDYB/6jbnj6GM9H9mK3wIL8ftgl+C07Lcwb8PG5PCCPzA==",
      "dev": true,
      "funding": [
        {
          "type": "opencollective",
          "url": "https://opencollective.com/postcss/"
        },
        {
          "type": "tidelift",
          "url": "https://tidelift.com/funding/github/npm/autoprefixer"
        }
      ],
      "dependencies": {
        "browserslist": "^4.20.2",
        "caniuse-lite": "^1.0.30001317",
        "fraction.js": "^4.2.0",
        "normalize-range": "^0.1.2",
        "picocolors": "^1.0.0",
        "postcss-value-parser": "^4.2.0"
      },
      "bin": {
        "autoprefixer": "bin/autoprefixer"
      },
      "engines": {
        "node": "^10 || ^12 || >=14"
      },
      "peerDependencies": {
        "postcss": "^8.1.0"
      }
    },
    "node_modules/autoprefixer/node_modules/browserslist": {
      "version": "4.20.2",
      "resolved": "https://registry.npmjs.org/browserslist/-/browserslist-4.20.2.tgz",
      "integrity": "sha512-CQOBCqp/9pDvDbx3xfMi+86pr4KXIf2FDkTTdeuYw8OxS9t898LA1Khq57gtufFILXpfgsSx5woNgsBgvGjpsA==",
      "dev": true,
      "funding": [
        {
          "type": "opencollective",
          "url": "https://opencollective.com/browserslist"
        },
        {
          "type": "tidelift",
          "url": "https://tidelift.com/funding/github/npm/browserslist"
        }
      ],
      "dependencies": {
        "caniuse-lite": "^1.0.30001317",
        "electron-to-chromium": "^1.4.84",
        "escalade": "^3.1.1",
        "node-releases": "^2.0.2",
        "picocolors": "^1.0.0"
      },
      "bin": {
        "browserslist": "cli.js"
      },
      "engines": {
        "node": "^6 || ^7 || ^8 || ^9 || ^10 || ^11 || ^12 || >=13.7"
      }
    },
    "node_modules/autoprefixer/node_modules/caniuse-lite": {
      "version": "1.0.30001332",
      "resolved": "https://registry.npmjs.org/caniuse-lite/-/caniuse-lite-1.0.30001332.tgz",
      "integrity": "sha512-10T30NYOEQtN6C11YGg411yebhvpnC6Z102+B95eAsN0oB6KUs01ivE8u+G6FMIRtIrVlYXhL+LUwQ3/hXwDWw==",
      "dev": true,
      "funding": [
        {
          "type": "opencollective",
          "url": "https://opencollective.com/browserslist"
        },
        {
          "type": "tidelift",
          "url": "https://tidelift.com/funding/github/npm/caniuse-lite"
        }
      ]
    },
    "node_modules/autoprefixer/node_modules/electron-to-chromium": {
      "version": "1.4.108",
      "resolved": "https://registry.npmjs.org/electron-to-chromium/-/electron-to-chromium-1.4.108.tgz",
      "integrity": "sha512-/36KkMuL6+WTrodVlOjtHhH9Ro7BgRaQrh0bfKckwDtdRSjTBuZCOddeXxzK1PkwphoeTxGUFVT9xnmvQ7xEdw==",
      "dev": true
    },
    "node_modules/autoprefixer/node_modules/escalade": {
      "version": "3.1.1",
      "resolved": "https://registry.npmjs.org/escalade/-/escalade-3.1.1.tgz",
      "integrity": "sha512-k0er2gUkLf8O0zKJiAhmkTnJlTvINGv7ygDNPbeIsX/TJjGJZHuh9B2UxbsaEkmlEo9MfhrSzmhIlhRlI2GXnw==",
      "dev": true,
      "engines": {
        "node": ">=6"
      }
    },
    "node_modules/autoprefixer/node_modules/fraction.js": {
      "version": "4.2.0",
      "resolved": "https://registry.npmjs.org/fraction.js/-/fraction.js-4.2.0.tgz",
      "integrity": "sha512-MhLuK+2gUcnZe8ZHlaaINnQLl0xRIGRfcGk2yl8xoQAfHrSsL3rYu6FCmBdkdbhc9EPlwyGHewaRsvwRMJtAlA==",
      "dev": true,
      "engines": {
        "node": "*"
      },
      "funding": {
        "type": "patreon",
        "url": "https://www.patreon.com/infusion"
      }
    },
    "node_modules/autoprefixer/node_modules/node-releases": {
      "version": "2.0.3",
      "resolved": "https://registry.npmjs.org/node-releases/-/node-releases-2.0.3.tgz",
      "integrity": "sha512-maHFz6OLqYxz+VQyCAtA3PTX4UP/53pa05fyDNc9CwjvJ0yEh6+xBwKsgCxMNhS8taUKBFYxfuiaD9U/55iFaw==",
      "dev": true
    },
    "node_modules/autoprefixer/node_modules/normalize-range": {
      "version": "0.1.2",
      "resolved": "https://registry.npmjs.org/normalize-range/-/normalize-range-0.1.2.tgz",
      "integrity": "sha1-LRDAa9/TEuqXd2laTShDlFa3WUI=",
      "dev": true,
      "engines": {
        "node": ">=0.10.0"
      }
    },
    "node_modules/autoprefixer/node_modules/picocolors": {
      "version": "1.0.0",
      "resolved": "https://registry.npmjs.org/picocolors/-/picocolors-1.0.0.tgz",
      "integrity": "sha512-1fygroTLlHu66zi26VoTDv8yRgm0Fccecssto+MhsZ0D/DGW2sm8E8AjW7NU5VVTRt5GxbeZ5qBuJr+HyLYkjQ==",
      "dev": true
    },
    "node_modules/autoprefixer/node_modules/postcss-value-parser": {
      "version": "4.2.0",
      "resolved": "https://registry.npmjs.org/postcss-value-parser/-/postcss-value-parser-4.2.0.tgz",
      "integrity": "sha512-1NNCs6uurfkVbeXG4S8JFT9t19m45ICnif8zWLd5oPSZ50QnwMfK+H3jv408d4jw/7Bttv5axS5IiHoLaVNHeQ==",
      "dev": true
    },
    "node_modules/tslib": {
      "version": "2.3.1",
      "resolved": "https://registry.npmjs.org/tslib/-/tslib-2.3.1.tgz",
      "integrity": "sha512-77EbyPPpMz+FRFRuAFlWMtmgUWGe9UOG2Z25NqCwiIjRhOf5iKGuzSe5P2w1laq+FkRy4p+PCuVkJSGkzTEKVw=="
    }
  },
  "dependencies": {
    "autoprefixer": {
      "version": "10.4.4",
      "resolved": "https://registry.npmjs.org/autoprefixer/-/autoprefixer-10.4.4.tgz",
      "integrity": "sha512-Tm8JxsB286VweiZ5F0anmbyGiNI3v3wGv3mz9W+cxEDYB/6jbnj6GM9H9mK3wIL8ftgl+C07Lcwb8PG5PCCPzA==",
      "dev": true,
      "requires": {
        "browserslist": "^4.20.2",
        "caniuse-lite": "^1.0.30001317",
        "fraction.js": "^4.2.0",
        "normalize-range": "^0.1.2",
        "picocolors": "^1.0.0",
        "postcss-value-parser": "^4.2.0"
      },
      "dependencies": {
        "browserslist": {
          "version": "4.20.2",
          "resolved": "https://registry.npmjs.org/browserslist/-/browserslist-4.20.2.tgz",
          "integrity": "sha512-CQOBCqp/9pDvDbx3xfMi+86pr4KXIf2FDkTTdeuYw8OxS9t898LA1Khq57gtufFILXpfgsSx5woNgsBgvGjpsA==",
          "dev": true,
          "requires": {
            "caniuse-lite": "^1.0.30001317",
            "electron-to-chromium": "^1.4.84",
            "escalade": "^3.1.1",
            "node-releases": "^2.0.2",
            "picocolors": "^1.0.0"
          }
        },
        "caniuse-lite": {
          "version": "1.0.30001332",
          "resolved": "https://registry.npmjs.org/caniuse-lite/-/caniuse-lite-1.0.30001332.tgz",
          "integrity": "sha512-10T30NYOEQtN6C11YGg411yebhvpnC6Z102+B95eAsN0oB6KUs01ivE8u+G6FMIRtIrVlYXhL+LUwQ3/hXwDWw==",
          "dev": true
        },
        "electron-to-chromium": {
          "version": "1.4.108",
          "resolved": "https://registry.npmjs.org/electron-to-chromium/-/electron-to-chromium-1.4.108.tgz",
          "integrity": "sha512-/36KkMuL6+WTrodVlOjtHhH9Ro7BgRaQrh0bfKckwDtdRSjTBuZCOddeXxzK1PkwphoeTxGUFVT9xnmvQ7xEdw==",
          "dev": true
        },
        "escalade": {
          "version": "3.1.1",
          "resolved": "https://registry.npmjs.org/escalade/-/escalade-3.1.1.tgz",
          "integrity": "sha512-k0er2gUkLf8O0zKJiAhmkTnJlTvINGv7ygDNPbeIsX/TJjGJZHuh9B2UxbsaEkmlEo9MfhrSzmhIlhRlI2GXnw==",
          "dev": true
        },
        "fraction.js": {
          "version": "4.2.0",
          "resolved": "https://registry.npmjs.org/fraction.js/-/fraction.js-4.2.0.tgz",
          "integrity": "sha512-MhLuK+2gUcnZe8ZHlaaINnQLl0xRIGRfcGk2yl8xoQAfHrSsL3rYu6FCmBdkdbhc9EPlwyGHewaRsvwRMJtAlA==",
          "dev": true
        },
        "node-releases": {
          "version": "2.0.3",
          "resolved": "https://registry.npmjs.org/node-releases/-/node-releases-2.0.3.tgz",
          "integrity": "sha512-maHFz6OLqYxz+VQyCAtA3PTX4UP/53pa05fyDNc9CwjvJ0yEh6+xBwKsgCxMNhS8taUKBFYxfuiaD9U/55iFaw==",
          "dev": true
        },
        "normalize-range": {
          "version": "0.1.2",
          "resolved": "https://registry.npmjs.org/normalize-range/-/normalize-range-0.1.2.tgz",
          "integrity": "sha1-LRDAa9/TEuqXd2laTShDlFa3WUI=",
          "dev": true
        },
        "picocolors": {
          "version": "1.0.0",
          "resolved": "https://registry.npmjs.org/picocolors/-/picocolors-1.0.0.tgz",
          "integrity": "sha512-1fygroTLlHu66zi26VoTDv8yRgm0Fccecssto+MhsZ0D/DGW2sm8E8AjW7NU5VVTRt5GxbeZ5qBuJr+HyLYkjQ==",
          "dev": true
        },
        "postcss-value-parser": {
          "version": "4.2.0",
          "resolved": "https://registry.npmjs.org/postcss-value-parser/-/postcss-value-parser-4.2.0.tgz",
          "integrity": "sha512-1NNCs6uurfkVbeXG4S8JFT9t19m45ICnif8zWLd5oPSZ50QnwMfK+H3jv408d4jw/7Bttv5axS5IiHoLaVNHeQ==",
          "dev": true
        }
      }
    },
    "tslib": {
      "version": "2.3.1",
      "resolved": "https://registry.npmjs.org/tslib/-/tslib-2.3.1.tgz",
      "integrity": "sha512-77EbyPPpMz+FRFRuAFlWMtmgUWGe9UOG2Z25NqCwiIjRhOf5iKGuzSe5P2w1laq+FkRy4p+PCuVkJSGkzTEKVw=="
    }
  }
}
