{
  "name": "@empathyco/x-types",
  "version": "10.0.0-alpha.11",
  "lockfileVersion": 1,
  "requires": true,
  "dependencies": {
    "rollup": {
      "version": "2.7.6",
      "resolved": "https://registry.npmjs.org/rollup/-/rollup-2.7.6.tgz",
      "integrity": "sha512-AdHosxHBKyBsdtbT1/AqbWNQ87O4SSxS4N9iMwEpoCDAT6e4Du3uJSy83mp3ckgmCxly5VeXGx0WHsm21Djytg==",
      "dev": true,
      "requires": {
        "fsevents": "~2.1.2"
      },
      "dependencies": {
        "fsevents": {
          "version": "2.1.3",
          "resolved": "https://registry.npmjs.org/fsevents/-/fsevents-2.1.3.tgz",
          "integrity": "sha512-Auw9a4AxqWpa9GUfj370BMPzzyncfBABW8Mab7BGWBYDj4Isgq+cDKtx0i6u9jcX9pQDnswsaaOTgTmA5pEjuQ==",
          "dev": true,
          "optional": true
        }
      }
    }
  }
}
