{
  "name": "@empathyco/x-components",
  "version": "3.0.0-alpha.66",
  "lockfileVersion": 2,
  "requires": true,
  "packages": {
    "": {
      "name": "@empathyco/x-components",
      "version": "3.0.0-alpha.59",
      "license": "Apache-2.0",
      "devDependencies": {
        "@types/node": "~12.12.0"
      }
    },
    "node_modules/@types/node": {
      "version": "12.12.70",
      "resolved": "https://registry.npmjs.org/@types/node/-/node-12.12.70.tgz",
      "integrity": "sha512-i5y7HTbvhonZQE+GnUM2rz1Bi8QkzxdQmEv1LKOv4nWyaQk/gdeiTApuQR3PDJHX7WomAbpx2wlWSEpxXGZ/UQ==",
      "dev": true
    }
  },
  "dependencies": {
    "@types/node": {
      "version": "12.12.70",
      "resolved": "https://registry.npmjs.org/@types/node/-/node-12.12.70.tgz",
      "integrity": "sha512-i5y7HTbvhonZQE+GnUM2rz1Bi8QkzxdQmEv1LKOv4nWyaQk/gdeiTApuQR3PDJHX7WomAbpx2wlWSEpxXGZ/UQ==",
      "dev": true
    }
  }
}
